schema: '2.0'
stages:
  data_load:
    cmd: python stages/data_load.py
    deps:
    - path: data/Twitter_Sentiments.csv
      md5: e4e4f90c48d6accade388090f0aec20f
      size: 3103165
    outs:
    - path: data/new_data_.csv
      md5: e94933ff25e8921489eda42ce806d29b
      size: 2837135
  analyze:
    cmd: python stages/analyze_.py
    deps:
    - path: data/new_data_.csv
      md5: e94933ff25e8921489eda42ce806d29b
      size: 2837135
    outs:
    - path: data/analyzed.csv
      md5: e94933ff25e8921489eda42ce806d29b
      size: 2837135
    - path: plots/non_racist_wordcloud.png
      md5: 302a0f711014f0810bb44e906bf7d24e
      size: 199614
    - path: plots/pie_plot.png
      md5: 5e79655662b212c2f367b2cb67fd7796
      size: 39945
    - path: plots/racist_wordcloud.png
      md5: 671ac5cade25a7a6e80e62753dc9ac57
      size: 193903
  featurize:
    cmd: python stages/featurize.py
    deps:
    - path: data/analyzed.csv
      md5: e94933ff25e8921489eda42ce806d29b
      size: 2837135
    outs:
    - path: data/featured.csv
      md5: 9f6da644a11392de1c9dcf3f5377d439
      size: 2161753
  data_split:
    cmd: python stages/data_split.py
    deps:
    - path: data/featured.csv
      md5: 9f6da644a11392de1c9dcf3f5377d439
      size: 2161753
    outs:
    - path: data/xtest.csv
      md5: a428566a49c92088d429dba08aa78cf8
      size: 383168
    - path: data/xtrain.csv
      md5: 69e74b291a6a2857a68d0deb7e198ee8
      size: 1533977
    - path: data/ytest.csv
      md5: 8545a71b94884a393f0114a271582937
      size: 19192
    - path: data/ytrain.csv
      md5: e48f1c145b7e475243485e6c632db603
      size: 76711
  train:
    cmd: python stages/train_.py
    deps:
    - path: data/xtest.csv
      md5: a428566a49c92088d429dba08aa78cf8
      size: 383168
    - path: data/xtrain.csv
      md5: 69e74b291a6a2857a68d0deb7e198ee8
      size: 1533977
    - path: data/ytrain.csv
      md5: e48f1c145b7e475243485e6c632db603
      size: 76711
    outs:
    - path: models/model.pkl
      md5: 057acee557c453c60b3c2c02d193cfbe
      size: 1447
  evaluate:
    cmd: python stages/evaluate_.py
    deps:
    - path: data/xtest.csv
      md5: a428566a49c92088d429dba08aa78cf8
      size: 383168
    - path: data/xtrain.csv
      md5: 69e74b291a6a2857a68d0deb7e198ee8
      size: 1533977
    - path: data/ytest.csv
      md5: 8545a71b94884a393f0114a271582937
      size: 19192
    - path: data/ytrain.csv
      md5: e48f1c145b7e475243485e6c632db603
      size: 76711
    outs:
    - path: metrics/metrics.json
      md5: 9b383d4d08d7459ce61d1fa75c059cd2
      size: 89
    - path: plots/confusion_matrix.png
      md5: 2bd35157705f9c38d3f3841573b4b0bd
      size: 29212
