schema: '2.0'
stages:
  data_load:
    cmd: python stages/data_load.py
    deps:
    - path: data/Twitter_Sentiments.csv
      md5: e4e4f90c48d6accade388090f0aec20f
      size: 3103165
    outs:
    - path: data/new_data_.csv
      md5: e94933ff25e8921489eda42ce806d29b
      size: 2837135
  analyze:
    cmd: python stages/analyze_.py
    deps:
    - path: data/new_data_.csv
      md5: e94933ff25e8921489eda42ce806d29b
      size: 2837135
    outs:
    - path: data/analyzed.csv
      md5: e94933ff25e8921489eda42ce806d29b
      size: 2837135
    - path: plots/non_racist_wordcloud.png
      md5: 06eea2fec74cfd613c6835bd2479198a
      size: 201303
    - path: plots/pie_plot.png
      md5: 5e79655662b212c2f367b2cb67fd7796
      size: 39945
    - path: plots/racist_wordcloud.png
      md5: dd26611fe5b5cd348cf6ebdb1b0d5c94
      size: 186035
  featurize:
    cmd: python stages/featurize.py
    deps:
    - path: data/analyzed.csv
      md5: e94933ff25e8921489eda42ce806d29b
      size: 2837135
    outs:
    - path: data/featured.csv
      md5: 9f6da644a11392de1c9dcf3f5377d439
      size: 2161753
  data_split:
    cmd: python stages/data_split.py
    deps:
    - path: data/featured.csv
      md5: 9f6da644a11392de1c9dcf3f5377d439
      size: 2161753
    outs:
    - path: data/xtest.csv
      md5: 4abaaf044d5a4debe1296cb1691ead9e
      size: 190715
    - path: data/xtrain.csv
      md5: 0094471ade2f82a98ec8ce4e43a95273
      size: 1726430
    - path: data/ytest.csv
      md5: 73569948e2e8ee76bc90ff5a046b2d93
      size: 9604
    - path: data/ytrain.csv
      md5: 90d7038cce36eb61ca22c2c93bf402d7
      size: 86299
  train:
    cmd: python stages/train_.py
    deps:
    - path: data/xtest.csv
      md5: 4abaaf044d5a4debe1296cb1691ead9e
      size: 190715
    - path: data/xtrain.csv
      md5: 0094471ade2f82a98ec8ce4e43a95273
      size: 1726430
    - path: data/ytrain.csv
      md5: 90d7038cce36eb61ca22c2c93bf402d7
      size: 86299
    outs:
    - path: models/model.pkl
      md5: 1156811e3440d320bbefd400006dcc09
      size: 1503
  evaluate:
    cmd: python stages/evaluate_.py
    deps:
    - path: data/xtest.csv
      md5: 4abaaf044d5a4debe1296cb1691ead9e
      size: 190715
    - path: data/xtrain.csv
      md5: 0094471ade2f82a98ec8ce4e43a95273
      size: 1726430
    - path: data/ytest.csv
      md5: 73569948e2e8ee76bc90ff5a046b2d93
      size: 9604
    - path: data/ytrain.csv
      md5: 90d7038cce36eb61ca22c2c93bf402d7
      size: 86299
    outs:
    - path: metrics/metrics.json
      md5: 4a73dd4236bf06aa36308fa6ea55bba7
      size: 89
    - path: plots/confusion_matrix.png
      md5: 3b20ac28d14ca7f84a505f00bb7fefeb
      size: 29504
